{
  "name": "comfyui-auto-tagger",
  "version": "1.0.0",
  "lockfileVersion": 3,
  "requires": true,
  "packages": {
    "": {
      "name": "comfyui-auto-tagger",
      "version": "1.0.0",
      "license": "MIT",
      "dependencies": {
        "exifreader": "^4.13.0"
      }
    },
    "node_modules/@xmldom/xmldom": {
      "version": "0.9.8",
      "resolved": "https://registry.npmjs.org/@xmldom/xmldom/-/xmldom-0.9.8.tgz",
      "integrity": "sha512-p96FSY54r+WJ50FIOsCOjyj/wavs8921hG5+kVMmZgKcvIKxMXHTrjNJvRgWa/zuX3B6t2lijLNFaOyuxUH+2A==",
      "license": "MIT",
      "optional": true,
      "engines": {
        "node": ">=14.6"
      }
    },
    "node_modules/exifreader": {
      "version": "4.33.1",
      "resolved": "https://registry.npmjs.org/exifreader/-/exifreader-4.33.1.tgz",
      "integrity": "sha512-KsVc4bRfZW255PSst5Opt5jUeLp+SD2+q6fmXQkMMkphpFCDBFjzNAvswgQa1YcMrXq+9Na6HJ6gS3wo2x7RRw==",
      "hasInstallScript": true,
      "license": "MPL-2.0",
      "optionalDependencies": {
        "@xmldom/xmldom": "^0.9.4"
      }
    }
  }
}
